
Microsoft Visual Studio Solution File, Format Version 12.00
# Visual Studio Version 17
VisualStudioVersion = 17.5.001.0
MinimumVisualStudioVersion = 10.0.40219.1
Project("{9A19103F-16F7-4668-BE54-9A1E7A4F7556}") = "Example1", "Example1\Example1.csproj", "{1383E63D-7272-4C9A-ABAF-2C40EA1B9261}"
EndProject
Project("{9A19103F-16F7-4668-BE54-9A1E7A4F7556}") = "Homework1", "Homework1\Homework1.csproj", "{AE35FF2D-789F-4D65-9A32-8887E80E8744}"
EndProject
Global
	GlobalSection(SolutionConfigurationPlatforms) = preSolution
		Debug|Any CPU = Debug|Any CPU
		Release|Any CPU = Release|Any CPU
	EndGlobalSection
	GlobalSection(ProjectConfigurationPlatforms) = postSolution
		{1383E63D-7272-4C9A-ABAF-2C40EA1B9261}.Debug|Any CPU.ActiveCfg = Debug|Any CPU
		{1383E63D-7272-4C9A-ABAF-2C40EA1B9261}.Debug|Any CPU.Build.0 = Debug|Any CPU
		{1383E63D-7272-4C9A-ABAF-2C40EA1B9261}.Release|Any CPU.ActiveCfg = Release|Any CPU
		{1383E63D-7272-4C9A-ABAF-2C40EA1B9261}.Release|Any CPU.Build.0 = Release|Any CPU
		{AE35FF2D-789F-4D65-9A32-8887E80E8744}.Debug|Any CPU.ActiveCfg = Debug|Any CPU
		{AE35FF2D-789F-4D65-9A32-8887E80E8744}.Debug|Any CPU.Build.0 = Debug|Any CPU
		{AE35FF2D-789F-4D65-9A32-8887E80E8744}.Release|Any CPU.ActiveCfg = Release|Any CPU
		{AE35FF2D-789F-4D65-9A32-8887E80E8744}.Release|Any CPU.Build.0 = Release|Any CPU
	EndGlobalSection
	GlobalSection(SolutionProperties) = preSolution
		HideSolutionNode = FALSE
	EndGlobalSection
	GlobalSection(ExtensibilityGlobals) = postSolution
		SolutionGuid = {C7FDAED5-2400-4388-A99E-CFF4B38BC7BF}
	EndGlobalSection
EndGlobal
